# This file is generated by running "yarn install" inside your project.
# Manual changes might be lost - proceed with caution!

__metadata:
  version: 6
  cacheKey: 8

"@babel/runtime@npm:^7.11.2":
  version: 7.12.18
  resolution: "@babel/runtime@npm:7.12.18"
  dependencies:
    regenerator-runtime: ^0.13.4
  checksum: 0ba38dc8d478584b0b5fb15fc2b7855f9f20561917bd434a66429d55d1165199d6161bc5fb087b87254712827f63561ff5196df66701e5647d67c7d0f557569a
  languageName: node
  linkType: hard

"@babel/runtime@npm:^7.16.7, @babel/runtime@npm:^7.17.8":
  version: 7.20.7
  resolution: "@babel/runtime@npm:7.20.7"
  dependencies:
    regenerator-runtime: ^0.13.11
  checksum: 4629ce5c46f06cca9cfb9b7fc00d48003335a809888e2b91ec2069a2dcfbfef738480cff32ba81e0b7c290f8918e5c22ddcf2b710001464ee84ba62c7e32a3a3
  languageName: node
  linkType: hard

"@chevrotain/cst-dts-gen@npm:10.4.2":
  version: 10.4.2
  resolution: "@chevrotain/cst-dts-gen@npm:10.4.2"
  dependencies:
    "@chevrotain/gast": 10.4.2
    "@chevrotain/types": 10.4.2
    lodash: 4.17.21
  checksum: ed33b6419c184b3c638dc44a3348be3483e481b307f7d2df7fcd9f934b2cc47bd305db6ebf9e9869d0a385aa332b4d652fa101ce995863ae6ec78e80acc4562e
  languageName: node
  linkType: hard

"@chevrotain/gast@npm:10.4.2":
  version: 10.4.2
  resolution: "@chevrotain/gast@npm:10.4.2"
  dependencies:
    "@chevrotain/types": 10.4.2
    lodash: 4.17.21
  checksum: 7ec8439c7e245f6a302eb013e2bf74824f5d11993fe86381c5e52b19853337b9212e545cbb53c8c40aca8d88e01b07449785785c3a371cb1a0d8c2303aa2448b
  languageName: node
  linkType: hard

"@chevrotain/types@npm:10.4.2":
  version: 10.4.2
  resolution: "@chevrotain/types@npm:10.4.2"
  checksum: 05d63433469ed8faf96c095dc145231fee18dc30873702653e08f6524502c5710cef69f788fce06f8ea6ecc8d52e1ef52b89db345d0fbd1cef4cb07e8bfe3f14
  languageName: node
  linkType: hard

"@chevrotain/utils@npm:10.4.2":
  version: 10.4.2
  resolution: "@chevrotain/utils@npm:10.4.2"
  checksum: b61f2b2408d930349e3049a384e0247534a27a4b317385dd8e72feed55a35edb20c9e26667d97a3c39d7290d75598b3e4b9dba01f78f982ef8cdcbbe14f6031c
  languageName: node
  linkType: hard

"@esbuild/android-arm64@npm:0.16.12":
  version: 0.16.12
  resolution: "@esbuild/android-arm64@npm:0.16.12"
  conditions: os=android & cpu=arm64
  languageName: node
  linkType: hard

"@esbuild/android-arm@npm:0.16.12":
  version: 0.16.12
  resolution: "@esbuild/android-arm@npm:0.16.12"
  conditions: os=android & cpu=arm
  languageName: node
  linkType: hard

"@esbuild/android-x64@npm:0.16.12":
  version: 0.16.12
  resolution: "@esbuild/android-x64@npm:0.16.12"
  conditions: os=android & cpu=x64
  languageName: node
  linkType: hard

"@esbuild/darwin-arm64@npm:0.16.12":
  version: 0.16.12
  resolution: "@esbuild/darwin-arm64@npm:0.16.12"
  conditions: os=darwin & cpu=arm64
  languageName: node
  linkType: hard

"@esbuild/darwin-x64@npm:0.16.12":
  version: 0.16.12
  resolution: "@esbuild/darwin-x64@npm:0.16.12"
  conditions: os=darwin & cpu=x64
  languageName: node
  linkType: hard

"@esbuild/freebsd-arm64@npm:0.16.12":
  version: 0.16.12
  resolution: "@esbuild/freebsd-arm64@npm:0.16.12"
  conditions: os=freebsd & cpu=arm64
  languageName: node
  linkType: hard

"@esbuild/freebsd-x64@npm:0.16.12":
  version: 0.16.12
  resolution: "@esbuild/freebsd-x64@npm:0.16.12"
  conditions: os=freebsd & cpu=x64
  languageName: node
  linkType: hard

"@esbuild/linux-arm64@npm:0.16.12":
  version: 0.16.12
  resolution: "@esbuild/linux-arm64@npm:0.16.12"
  conditions: os=linux & cpu=arm64
  languageName: node
  linkType: hard

"@esbuild/linux-arm@npm:0.16.12":
  version: 0.16.12
  resolution: "@esbuild/linux-arm@npm:0.16.12"
  conditions: os=linux & cpu=arm
  languageName: node
  linkType: hard

"@esbuild/linux-ia32@npm:0.16.12":
  version: 0.16.12
  resolution: "@esbuild/linux-ia32@npm:0.16.12"
  conditions: os=linux & cpu=ia32
  languageName: node
  linkType: hard

"@esbuild/linux-loong64@npm:0.16.12":
  version: 0.16.12
  resolution: "@esbuild/linux-loong64@npm:0.16.12"
  conditions: os=linux & cpu=loong64
  languageName: node
  linkType: hard

"@esbuild/linux-mips64el@npm:0.16.12":
  version: 0.16.12
  resolution: "@esbuild/linux-mips64el@npm:0.16.12"
  conditions: os=linux & cpu=mips64el
  languageName: node
  linkType: hard

"@esbuild/linux-ppc64@npm:0.16.12":
  version: 0.16.12
  resolution: "@esbuild/linux-ppc64@npm:0.16.12"
  conditions: os=linux & cpu=ppc64
  languageName: node
  linkType: hard

"@esbuild/linux-riscv64@npm:0.16.12":
  version: 0.16.12
  resolution: "@esbuild/linux-riscv64@npm:0.16.12"
  conditions: os=linux & cpu=riscv64
  languageName: node
  linkType: hard

"@esbuild/linux-s390x@npm:0.16.12":
  version: 0.16.12
  resolution: "@esbuild/linux-s390x@npm:0.16.12"
  conditions: os=linux & cpu=s390x
  languageName: node
  linkType: hard

"@esbuild/linux-x64@npm:0.16.12":
  version: 0.16.12
  resolution: "@esbuild/linux-x64@npm:0.16.12"
  conditions: os=linux & cpu=x64
  languageName: node
  linkType: hard

"@esbuild/netbsd-x64@npm:0.16.12":
  version: 0.16.12
  resolution: "@esbuild/netbsd-x64@npm:0.16.12"
  conditions: os=netbsd & cpu=x64
  languageName: node
  linkType: hard

"@esbuild/openbsd-x64@npm:0.16.12":
  version: 0.16.12
  resolution: "@esbuild/openbsd-x64@npm:0.16.12"
  conditions: os=openbsd & cpu=x64
  languageName: node
  linkType: hard

"@esbuild/sunos-x64@npm:0.16.12":
  version: 0.16.12
  resolution: "@esbuild/sunos-x64@npm:0.16.12"
  conditions: os=sunos & cpu=x64
  languageName: node
  linkType: hard

"@esbuild/win32-arm64@npm:0.16.12":
  version: 0.16.12
  resolution: "@esbuild/win32-arm64@npm:0.16.12"
  conditions: os=win32 & cpu=arm64
  languageName: node
  linkType: hard

"@esbuild/win32-ia32@npm:0.16.12":
  version: 0.16.12
  resolution: "@esbuild/win32-ia32@npm:0.16.12"
  conditions: os=win32 & cpu=ia32
  languageName: node
  linkType: hard

"@esbuild/win32-x64@npm:0.16.12":
  version: 0.16.12
  resolution: "@esbuild/win32-x64@npm:0.16.12"
  conditions: os=win32 & cpu=x64
  languageName: node
  linkType: hard

"@react-spring/animated@npm:~9.6.1":
  version: 9.6.1
  resolution: "@react-spring/animated@npm:9.6.1"
  dependencies:
    "@react-spring/shared": ~9.6.1
    "@react-spring/types": ~9.6.1
  peerDependencies:
    react: ^16.8.0 || ^17.0.0 || ^18.0.0
  checksum: fd8b3dbb1ad3195d510888bd7ea2e2790ea4505442b70b19b30c462c2b68f56c9d66febbb7e4fa32a21e31b03c423176f6257879be80b22c0286e56789547ee3
  languageName: node
  linkType: hard

"@react-spring/core@npm:~9.6.1":
  version: 9.6.1
  resolution: "@react-spring/core@npm:9.6.1"
  dependencies:
    "@react-spring/animated": ~9.6.1
    "@react-spring/rafz": ~9.6.1
    "@react-spring/shared": ~9.6.1
    "@react-spring/types": ~9.6.1
  peerDependencies:
    react: ^16.8.0 || ^17.0.0 || ^18.0.0
  checksum: 7e0aaec8a6f68b3f2399533947cdbf1b2c4f94a6b01eb1d577516af7385cd302d775f1f3f10b838581edd70773d314ba066dbce0b63169b4cf2fd7791acc3d13
  languageName: node
  linkType: hard

"@react-spring/rafz@npm:~9.6.1":
  version: 9.6.1
  resolution: "@react-spring/rafz@npm:9.6.1"
  checksum: 3c8967b01ad29d212244a572193b465087104064b043e6bb303e4498e165f73bb8ef20d46af7bcdd351dc3370fb190fcee76a31d80a8b2c09cf04ef976e34556
  languageName: node
  linkType: hard

"@react-spring/shared@npm:~9.6.1":
  version: 9.6.1
  resolution: "@react-spring/shared@npm:9.6.1"
  dependencies:
    "@react-spring/rafz": ~9.6.1
    "@react-spring/types": ~9.6.1
  peerDependencies:
    react: ^16.8.0 || ^17.0.0 || ^18.0.0
  checksum: 4e2c905a1804fe0402753ce50fc563faa87dec7b6dd348cc21800c213ce71d77db4e299cf1b9c47a8ee557220b62ee64ac934867c11881b1124b63f59eb4c9f3
  languageName: node
  linkType: hard

"@react-spring/three@npm:^9.3.1":
  version: 9.6.1
  resolution: "@react-spring/three@npm:9.6.1"
  dependencies:
    "@react-spring/animated": ~9.6.1
    "@react-spring/core": ~9.6.1
    "@react-spring/shared": ~9.6.1
    "@react-spring/types": ~9.6.1
  peerDependencies:
    "@react-three/fiber": ">=6.0"
    react: ^16.8.0 || ^17.0.0 || ^18.0.0
    three: ">=0.126"
  checksum: 7d53e6673efd4dc063a475bbbfbac687c717695ffff0d03d3f7e4d8adaa39ebe0455d099337871f281ab5f2bab872886f782cf269722deb907b0446388a818b4
  languageName: node
  linkType: hard

"@react-spring/types@npm:~9.6.1":
  version: 9.6.1
  resolution: "@react-spring/types@npm:9.6.1"
  checksum: 803dc6c2d67773ee1e5d00d2feac291dad32cf4ca6a790554d6133dd4cd39aeb89b3beea4cc67f91c2d2e4bdbd1a995540dc7fee117138e207a105d255d39c1c
  languageName: node
  linkType: hard

"@react-three/drei@npm:^9.50.2":
  version: 9.50.2
  resolution: "@react-three/drei@npm:9.50.2"
  dependencies:
    "@babel/runtime": ^7.11.2
    "@react-spring/three": ^9.3.1
    "@use-gesture/react": ^10.2.0
    detect-gpu: ^5.0.1
    glsl-noise: ^0.0.0
    lodash.clamp: ^4.0.3
    lodash.omit: ^4.5.0
    lodash.pick: ^4.4.0
    meshline: ^3.1.6
    react-composer: ^5.0.3
    react-merge-refs: ^1.1.0
    stats.js: ^0.17.0
    suspend-react: ^0.0.8
    three-mesh-bvh: ^0.5.19
    three-stdlib: ^2.20.4
    troika-three-text: ^0.47.1
    utility-types: ^3.10.0
    zustand: ^3.5.13
  peerDependencies:
    "@react-three/fiber": ">=8.0"
    react: ">=18.0"
    react-dom: ">=18.0"
    three: ">=0.137"
  peerDependenciesMeta:
    react-dom:
      optional: true
  checksum: 71f318b3f3cb182921a0a07bd9aff5da87504f21e1714a98de692739089d614f152a8830459a0229b65a4939e3ffbcdf59603b1187525cfba535875a2b91e67b
  languageName: node
  linkType: hard

"@react-three/fiber@npm:^8.9.2":
  version: 8.9.2
  resolution: "@react-three/fiber@npm:8.9.2"
  dependencies:
    "@babel/runtime": ^7.17.8
    "@types/react-reconciler": ^0.26.7
    its-fine: ^1.0.6
    react-reconciler: ^0.27.0
    react-use-measure: ^2.1.1
    scheduler: ^0.21.0
    suspend-react: ^0.0.8
    zustand: ^3.7.1
  peerDependencies:
    expo: ">=43.0"
    expo-asset: ">=8.4"
    expo-gl: ">=11.0"
    react: ">=18.0"
    react-dom: ">=18.0"
    react-native: ">=0.64"
    three: ">=0.133"
  peerDependenciesMeta:
    expo:
      optional: true
    expo-asset:
      optional: true
    expo-gl:
      optional: true
    react-dom:
      optional: true
    react-native:
      optional: true
  checksum: 507dc9909af564127db776341e1b1e28c00b24be827e608d048b4e2fde9d13cce09d5772c90cdc62dbc13afef61e2eb4eb409474d5027e8d7773eaff9dd4a124
  languageName: node
  linkType: hard

"@types/immutable@npm:^3.8.7":
  version: 3.8.7
  resolution: "@types/immutable@npm:3.8.7"
  dependencies:
    immutable: "*"
  checksum: f4aec6d40bdc1e5dba32ea6c76da24403e7bfcd4df1cc3a337ba06723e7b55d33af6403cf50873296f93a0760fcc0bf983a0f410cd6084adffa4a1160faead24
  languageName: node
  linkType: hard

"@types/jszip@npm:^3.4.1":
  version: 3.4.1
  resolution: "@types/jszip@npm:3.4.1"
  dependencies:
    jszip: "*"
  checksum: e779a531fadfc2152233b71055cb67d21e8a8c6bbc6e94ffc5d186bc3fea6a66294c3efa87314339a9fd4b17fe9cb65cacd6c60d14db1d9487f8b9ae17d03255
  languageName: node
  linkType: hard

"@types/offscreencanvas@npm:^2019.6.4":
  version: 2019.7.0
  resolution: "@types/offscreencanvas@npm:2019.7.0"
  checksum: 018cfcd19e0c59c44d14ba61caaca7246f77fbb512839c7881654b7f2b6591dbdd5857362eccbf49f29cdc93724e71a4b37c8b6cf203388f9c04e913a53ea390
  languageName: node
  linkType: hard

"@types/prop-types@npm:*":
  version: 15.7.5
  resolution: "@types/prop-types@npm:15.7.5"
  checksum: 5b43b8b15415e1f298243165f1d44390403bb2bd42e662bca3b5b5633fdd39c938e91b7fce3a9483699db0f7a715d08cef220c121f723a634972fdf596aec980
  languageName: node
  linkType: hard

"@types/react-dom@npm:^18.0.10":
  version: 18.0.10
  resolution: "@types/react-dom@npm:18.0.10"
  dependencies:
    "@types/react": "*"
  checksum: ff8282d5005a0b1cd95fb65bf79d3d8485e4cfe2aaf052129033a178684b940014a3f4536bc20d573f8a01cf4c6f4770c74988cef7c2b5cac3041d9f172647e3
  languageName: node
  linkType: hard

"@types/react-reconciler@npm:^0.26.7":
  version: 0.26.7
  resolution: "@types/react-reconciler@npm:0.26.7"
  dependencies:
    "@types/react": "*"
  checksum: 4122d2b08580f775d0aeae9bd10b68248f894096ed14c0ebbc143ef712e21b159e89d0c628bd95dd3329947fc1ee94a0cb1d2d32b32b1d5d225e70030e91e58f
  languageName: node
  linkType: hard

"@types/react-reconciler@npm:^0.28.0":
  version: 0.28.1
  resolution: "@types/react-reconciler@npm:0.28.1"
  dependencies:
    "@types/react": "*"
  checksum: a60dbef3074e75d5edc1a9d52ce671a4ecb0feeeb2e6ac6f4d95f33e52ec8fdbd996d4bcd78ec3d3720c30a3ac602e24a601acb9504dd93c7b1e176b554949a5
  languageName: node
  linkType: hard

"@types/react@npm:*, @types/react@npm:^18.0.26":
  version: 18.0.26
  resolution: "@types/react@npm:18.0.26"
  dependencies:
    "@types/prop-types": "*"
    "@types/scheduler": "*"
    csstype: ^3.0.2
  checksum: b62f0ea3cdfa68e106391728325057ad36f1bde7ba2dfae029472c47e01e482bc77c6ba4f1dad59f3f04ee81cb597618ff7c30a33c157c0a20462b6dd6aa2d4d
  languageName: node
  linkType: hard

"@types/scheduler@npm:*":
  version: 0.16.2
  resolution: "@types/scheduler@npm:0.16.2"
  checksum: b6b4dcfeae6deba2e06a70941860fb1435730576d3689225a421280b7742318d1548b3d22c1f66ab68e414f346a9542f29240bc955b6332c5b11e561077583bc
  languageName: node
  linkType: hard

"@types/three@npm:^0.147.1":
  version: 0.147.1
  resolution: "@types/three@npm:0.147.1"
  dependencies:
    "@types/webxr": "*"
  checksum: 7ba64eb1cc0922a5edbad21bff71fd7a87a4a67e643edeacc7790097071b2b6b97b34e47137d305e48607d4895cf94eef5d8be366489788dd85fcd4795008cd1
  languageName: node
  linkType: hard

"@types/webxr@npm:*":
  version: 0.5.0
  resolution: "@types/webxr@npm:0.5.0"
  checksum: 891af0e96a229f45584d89daa3101232862da2ded14076aa631b2e12deb4e4b91fa35ff8d8d5ab4613aa8adce0870bd32cd61f070c1bc70d37303c515e1ae6ac
  languageName: node
  linkType: hard

"@use-gesture/core@npm:10.2.23":
  version: 10.2.23
  resolution: "@use-gesture/core@npm:10.2.23"
  checksum: 2516eb82ee3355b40f1e4eb6fb218082f8196486245a6794d10e13a3698b7d3a7501c57a1e8f61c9958105ee80255b266618242fdc80056f7ab6d62ae1ef2169
  languageName: node
  linkType: hard

"@use-gesture/react@npm:^10.2.0":
  version: 10.2.23
  resolution: "@use-gesture/react@npm:10.2.23"
  dependencies:
    "@use-gesture/core": 10.2.23
  peerDependencies:
    react: ">= 16.8.0"
  checksum: 44127907ecc5b87296d14cd0cc86b6031d87ee11ae98df33810e4d986aa58290ec48624010776eeb50c13f2ad62b3439a549c02fba4cef5913b6c8b21b72222e
  languageName: node
  linkType: hard

"@webgpu/glslang@npm:^0.0.15":
  version: 0.0.15
  resolution: "@webgpu/glslang@npm:0.0.15"
  checksum: 0bb8c2e8e4533f95deeff09a24fa2551cdf984159f25cd8c3fc21e0e8ecfea54b88363bdcd04412f43669e199dcc8f6ea80a6a7ddd098005527567ec009d6881
  languageName: node
  linkType: hard

"bidi-js@npm:^1.0.2":
  version: 1.0.2
  resolution: "bidi-js@npm:1.0.2"
  dependencies:
    require-from-string: ^2.0.2
  checksum: 1e33008ed4b248b0350cfed5aebbc8717489bc0d3bcee9f5f99b778d82d997df621adefe6f22fffe005dc3bd8c08445b0b17af7c5d8d1a4a25f15f7702d30e68
  languageName: node
  linkType: hard

"chevrotain@npm:^10.1.2":
  version: 10.4.2
  resolution: "chevrotain@npm:10.4.2"
  dependencies:
    "@chevrotain/cst-dts-gen": 10.4.2
    "@chevrotain/gast": 10.4.2
    "@chevrotain/types": 10.4.2
    "@chevrotain/utils": 10.4.2
    lodash: 4.17.21
    regexp-to-ast: 0.5.0
  checksum: c23a28fd17ca631c7a2933812c7fd527b9bcc83c46b0dd663c3fa119e64be3f942a5759e3cd91864b9e25cf8669ac157ac5c40c14f6a6e0a6478c8de97c73299
  languageName: node
  linkType: hard

"core-util-is@npm:~1.0.0":
  version: 1.0.2
  resolution: "core-util-is@npm:1.0.2"
  checksum: 7a4c925b497a2c91421e25bf76d6d8190f0b2359a9200dbeed136e63b2931d6294d3b1893eda378883ed363cd950f44a12a401384c609839ea616befb7927dab
  languageName: node
  linkType: hard

"csstype@npm:^3.0.2":
  version: 3.1.1
  resolution: "csstype@npm:3.1.1"
  checksum: 1f7b4f5fdd955b7444b18ebdddf3f5c699159f13e9cf8ac9027ae4a60ae226aef9bbb14a6e12ca7dba3358b007cee6354b116e720262867c398de6c955ea451d
  languageName: node
  linkType: hard

"debounce@npm:^1.2.1":
  version: 1.2.1
  resolution: "debounce@npm:1.2.1"
  checksum: 682a89506d9e54fb109526f4da255c5546102fbb8e3ae75eef3b04effaf5d4853756aee97475cd4650641869794e44f410eeb20ace2b18ea592287ab2038519e
  languageName: node
  linkType: hard

"detect-gpu@npm:^5.0.1":
  version: 5.0.5
  resolution: "detect-gpu@npm:5.0.5"
  dependencies:
    webgl-constants: ^1.1.1
  checksum: eca50df245b98e3e734dd410654d33652db514d8fcd1fbda4a324896152dc6679c21fcc668734bf22178808055552a7a987ad0c1ed08f5554ab5b5167d674cec
  languageName: node
  linkType: hard

"draco3d@npm:^1.4.1":
  version: 1.5.5
  resolution: "draco3d@npm:1.5.5"
  checksum: ce5138d02dfd5ae2627d77b1fe002ef7a30644281eee3c62e073572924ca5023b646c138126ab3e812b05c69699b22592c27ffccf28f60c47f45bd1b86b5b069
  languageName: node
  linkType: hard

"esbuild@npm:^0.16.12":
  version: 0.16.12
  resolution: "esbuild@npm:0.16.12"
  dependencies:
    "@esbuild/android-arm": 0.16.12
    "@esbuild/android-arm64": 0.16.12
    "@esbuild/android-x64": 0.16.12
    "@esbuild/darwin-arm64": 0.16.12
    "@esbuild/darwin-x64": 0.16.12
    "@esbuild/freebsd-arm64": 0.16.12
    "@esbuild/freebsd-x64": 0.16.12
    "@esbuild/linux-arm": 0.16.12
    "@esbuild/linux-arm64": 0.16.12
    "@esbuild/linux-ia32": 0.16.12
    "@esbuild/linux-loong64": 0.16.12
    "@esbuild/linux-mips64el": 0.16.12
    "@esbuild/linux-ppc64": 0.16.12
    "@esbuild/linux-riscv64": 0.16.12
    "@esbuild/linux-s390x": 0.16.12
    "@esbuild/linux-x64": 0.16.12
    "@esbuild/netbsd-x64": 0.16.12
    "@esbuild/openbsd-x64": 0.16.12
    "@esbuild/sunos-x64": 0.16.12
    "@esbuild/win32-arm64": 0.16.12
    "@esbuild/win32-ia32": 0.16.12
    "@esbuild/win32-x64": 0.16.12
  dependenciesMeta:
    "@esbuild/android-arm":
      optional: true
    "@esbuild/android-arm64":
      optional: true
    "@esbuild/android-x64":
      optional: true
    "@esbuild/darwin-arm64":
      optional: true
    "@esbuild/darwin-x64":
      optional: true
    "@esbuild/freebsd-arm64":
      optional: true
    "@esbuild/freebsd-x64":
      optional: true
    "@esbuild/linux-arm":
      optional: true
    "@esbuild/linux-arm64":
      optional: true
    "@esbuild/linux-ia32":
      optional: true
    "@esbuild/linux-loong64":
      optional: true
    "@esbuild/linux-mips64el":
      optional: true
    "@esbuild/linux-ppc64":
      optional: true
    "@esbuild/linux-riscv64":
      optional: true
    "@esbuild/linux-s390x":
      optional: true
    "@esbuild/linux-x64":
      optional: true
    "@esbuild/netbsd-x64":
      optional: true
    "@esbuild/openbsd-x64":
      optional: true
    "@esbuild/sunos-x64":
      optional: true
    "@esbuild/win32-arm64":
      optional: true
    "@esbuild/win32-ia32":
      optional: true
    "@esbuild/win32-x64":
      optional: true
  bin:
    esbuild: bin/esbuild
  checksum: 608faf85bcc6d970e4a3261c2a15dfe7e72b850a9115e90b22f2ab89b4adb2a9e281ef3dec8450ae4c4a5c4fab192b0e6cda468f08390e59bc230b7a5e5f5b5c
  languageName: node
  linkType: hard

"fflate@npm:^0.6.9":
  version: 0.6.10
  resolution: "fflate@npm:0.6.10"
  checksum: 96384bc4090987fe565c0de8204e3830f538144ec950576fea50aee1b42adbe9fc3ed5e7905dfa7979faaa20979def330dbebce548f3dcafc3e118cc9838526d
  languageName: node
  linkType: hard

"glsl-noise@npm:^0.0.0":
  version: 0.0.0
  resolution: "glsl-noise@npm:0.0.0"
  checksum: 07986663451963c90f8177f0a7d79a897ce27ad47841bfae6833647803ce7b8b65c8c18b8aecc576f1fc8e67ae6c8b5e5e1501b604cf3b1e9855c639e739e2c3
  languageName: node
  linkType: hard

"immediate@npm:~3.0.5":
  version: 3.0.6
  resolution: "immediate@npm:3.0.6"
  checksum: f9b3486477555997657f70318cc8d3416159f208bec4cca3ff3442fd266bc23f50f0c9bd8547e1371a6b5e82b821ec9a7044a4f7b944798b25aa3cc6d5e63e62
  languageName: node
  linkType: hard

"immutable@npm:*, immutable@npm:^4.2.1":
  version: 4.2.1
  resolution: "immutable@npm:4.2.1"
  checksum: 525bd78c4b8550df1b5f12d3bc7eb8bb3daed24f97df4018ec99a16436fc2a03fcebfcb4d3d36c86c46039292a583ea9eceb8a55704932f70a0cc5f15695b42a
  languageName: node
  linkType: hard

"inherits@npm:~2.0.3":
  version: 2.0.4
  resolution: "inherits@npm:2.0.4"
  checksum: 4a48a733847879d6cf6691860a6b1e3f0f4754176e4d71494c41f3475553768b10f84b5ce1d40fbd0e34e6bfbb864ee35858ad4dd2cf31e02fc4a154b724d7f1
  languageName: node
  linkType: hard

"isarray@npm:~1.0.0":
  version: 1.0.0
  resolution: "isarray@npm:1.0.0"
  checksum: f032df8e02dce8ec565cf2eb605ea939bdccea528dbcf565cdf92bfa2da9110461159d86a537388ef1acef8815a330642d7885b29010e8f7eac967c9993b65ab
  languageName: node
  linkType: hard

"its-fine@npm:^1.0.6":
  version: 1.0.8
  resolution: "its-fine@npm:1.0.8"
  dependencies:
    "@types/react-reconciler": ^0.28.0
  peerDependencies:
    react: ">=18.0"
  checksum: 6fb63906819e88d9eb42761db3770c3017347b334158ccd9d26b516b9b5eb3e91851f38194f480ece00c2b20c77c357d0b5e712aeb10200a0c8a31618edd5f09
  languageName: node
  linkType: hard

"js-tokens@npm:^3.0.0 || ^4.0.0":
  version: 4.0.0
  resolution: "js-tokens@npm:4.0.0"
  checksum: 8a95213a5a77deb6cbe94d86340e8d9ace2b93bc367790b260101d2f36a2eaf4e4e22d9fa9cf459b38af3a32fb4190e638024cf82ec95ef708680e405ea7cc78
  languageName: node
  linkType: hard

"jszip@npm:*, jszip@npm:^3.10.1":
  version: 3.10.1
  resolution: "jszip@npm:3.10.1"
  dependencies:
    lie: ~3.3.0
    pako: ~1.0.2
    readable-stream: ~2.3.6
    setimmediate: ^1.0.5
  checksum: abc77bfbe33e691d4d1ac9c74c8851b5761fba6a6986630864f98d876f3fcc2d36817dfc183779f32c00157b5d53a016796677298272a714ae096dfe6b1c8b60
  languageName: node
  linkType: hard

"ktx-parse@npm:^0.4.5":
  version: 0.4.5
  resolution: "ktx-parse@npm:0.4.5"
  checksum: f82d8b5dfd0ede05d5e4a2d90ad5114c83d8f708431e3fce2c3e6e0a0e1fe1b1649cb6f3de35b429ef636ce9a92a3897295198e94b46bba24bc3268c6ae9cc42
  languageName: node
  linkType: hard

"lie@npm:~3.3.0":
  version: 3.3.0
  resolution: "lie@npm:3.3.0"
  dependencies:
    immediate: ~3.0.5
  checksum: 33102302cf19766f97919a6a98d481e01393288b17a6aa1f030a3542031df42736edde8dab29ffdbf90bebeffc48c761eb1d064dc77592ca3ba3556f9fe6d2a8
  languageName: node
  linkType: hard

"lodash.clamp@npm:^4.0.3":
  version: 4.0.3
  resolution: "lodash.clamp@npm:4.0.3"
  checksum: 02baa03ebb96f2ce8d9cec28b21fa3ed808c32f3b8fe54e2f990f1177779b13dcda69232db72d7285763e14a0ee64666a82a2047558eaba7198580173756c888
  languageName: node
  linkType: hard

"lodash.omit@npm:^4.5.0":
  version: 4.5.0
  resolution: "lodash.omit@npm:4.5.0"
  checksum: 434645e49fe84ab315719bd5a9a3a585a0f624aa4160bc09157dd041a414bcc287c15840365c1379476a3f3eda41fbe838976c3f7bdecbbf4c5478e86c471a30
  languageName: node
  linkType: hard

"lodash.pick@npm:^4.4.0":
  version: 4.4.0
  resolution: "lodash.pick@npm:4.4.0"
  checksum: 2c36cab7da6b999a20bd3373b40e31a3ef81fa264f34a6979c852c5bc8ac039379686b27380f0cb8e3781610844fafec6949c6fbbebc059c98f8fa8570e3675f
  languageName: node
  linkType: hard

"lodash@npm:4.17.21, lodash@npm:^4.17.21":
  version: 4.17.21
  resolution: "lodash@npm:4.17.21"
  checksum: eb835a2e51d381e561e508ce932ea50a8e5a68f4ebdd771ea240d3048244a8d13658acbd502cd4829768c56f2e16bdd4340b9ea141297d472517b83868e677f7
  languageName: node
  linkType: hard

"loose-envify@npm:^1.1.0, loose-envify@npm:^1.4.0":
  version: 1.4.0
  resolution: "loose-envify@npm:1.4.0"
  dependencies:
    js-tokens: ^3.0.0 || ^4.0.0
  bin:
    loose-envify: cli.js
  checksum: 6517e24e0cad87ec9888f500c5b5947032cdfe6ef65e1c1936a0c48a524b81e65542c9c3edc91c97d5bddc806ee2a985dbc79be89215d613b1de5db6d1cfe6f4
  languageName: node
  linkType: hard

"meshline@npm:^3.1.6":
  version: 3.1.6
  resolution: "meshline@npm:3.1.6"
  peerDependencies:
    three: ">=0.137"
  checksum: 72b79908315650a57b5c97b846191ab73d1ee1551211154283a951eac7b08f9129adb6ce1b84d887b30b47617a52ff0878f9695037491c4d8350712c6655489a
  languageName: node
  linkType: hard

"mmd-parser@npm:^1.0.4":
  version: 1.0.4
  resolution: "mmd-parser@npm:1.0.4"
  checksum: 892cc317598440c43919250ec95aec26349db977e64bbe37d0fa8d6a8076e190105e5e687221225dd9afa8937d9d2d06ddab77586c2bc4781cb6855a2938d95b
  languageName: node
  linkType: hard

"object-assign@npm:^4.1.1":
  version: 4.1.1
  resolution: "object-assign@npm:4.1.1"
  checksum: fcc6e4ea8c7fe48abfbb552578b1c53e0d194086e2e6bbbf59e0a536381a292f39943c6e9628af05b5528aa5e3318bb30d6b2e53cadaf5b8fe9e12c4b69af23f
  languageName: node
  linkType: hard

"opentype.js@npm:^1.3.3":
  version: 1.3.3
  resolution: "opentype.js@npm:1.3.3"
  dependencies:
    string.prototype.codepointat: ^0.2.1
    tiny-inflate: ^1.0.3
  bin:
    ot: bin/ot
  checksum: 7658c54040f6aa8468720ef8eae20f4a4be8b15e70762abda873f239001fe440fa507e4735435bae8db1315cf526e035fef90325c4f3299ae63b1e87607300d8
  languageName: node
  linkType: hard

"pako@npm:~1.0.2":
  version: 1.0.11
  resolution: "pako@npm:1.0.11"
  checksum: 1be2bfa1f807608c7538afa15d6f25baa523c30ec870a3228a89579e474a4d992f4293859524e46d5d87fd30fa17c5edf34dbef0671251d9749820b488660b16
  languageName: node
  linkType: hard

"postprocessing@npm:^6.29.3":
  version: 6.29.3
  resolution: "postprocessing@npm:6.29.3"
  peerDependencies:
    three: ">= 0.125.0 < 0.149.0"
  checksum: f999f813736428169e25ba7fb7e9c2bc3365c35f9fb2f1895f594f7d187a0cb6f3741b840fea6dabc0097aca3c88eb47f78e01c20c94861d7b242cda8c104044
  languageName: node
  linkType: hard

"potpack@npm:^1.0.1":
  version: 1.0.1
  resolution: "potpack@npm:1.0.1"
  checksum: 6b4481e53eccfd0f8a12dcbf63d7ef595bdcaa89308421360323bf2cb41466c4d4626424332d777defcc569c0ee5300923722f75f846e187ac4df14e6ac895f4
  languageName: node
  linkType: hard

"process-nextick-args@npm:~2.0.0":
  version: 2.0.1
  resolution: "process-nextick-args@npm:2.0.1"
  checksum: 1d38588e520dab7cea67cbbe2efdd86a10cc7a074c09657635e34f035277b59fbb57d09d8638346bf7090f8e8ebc070c96fa5fd183b777fff4f5edff5e9466cf
  languageName: node
  linkType: hard

"prop-types@npm:^15.6.0":
  version: 15.8.1
  resolution: "prop-types@npm:15.8.1"
  dependencies:
    loose-envify: ^1.4.0
    object-assign: ^4.1.1
    react-is: ^16.13.1
  checksum: c056d3f1c057cb7ff8344c645450e14f088a915d078dcda795041765047fa080d38e5d626560ccaac94a4e16e3aa15f3557c1a9a8d1174530955e992c675e459
  languageName: node
  linkType: hard

"react-composer@npm:^5.0.3":
  version: 5.0.3
  resolution: "react-composer@npm:5.0.3"
  dependencies:
    prop-types: ^15.6.0
  peerDependencies:
    react: ^15.0.0 || ^16.0.0 || ^17.0.0 || ^18.0.0
  checksum: ef7c52dc61588233ec7f70b3bae8a2325562e2eff3648e7bc6962162568c36d7e27f165d4639f8bfa18fadb09585577858e35273ce0039ac02e87c9debfd268e
  languageName: node
  linkType: hard

"react-dom@npm:^18.2.0":
  version: 18.2.0
  resolution: "react-dom@npm:18.2.0"
  dependencies:
    loose-envify: ^1.1.0
    scheduler: ^0.23.0
  peerDependencies:
    react: ^18.2.0
  checksum: 7d323310bea3a91be2965f9468d552f201b1c27891e45ddc2d6b8f717680c95a75ae0bc1e3f5cf41472446a2589a75aed4483aee8169287909fcd59ad149e8cc
  languageName: node
  linkType: hard

"react-is@npm:^16.13.1":
  version: 16.13.1
  resolution: "react-is@npm:16.13.1"
  checksum: f7a19ac3496de32ca9ae12aa030f00f14a3d45374f1ceca0af707c831b2a6098ef0d6bdae51bd437b0a306d7f01d4677fcc8de7c0d331eb47ad0f46130e53c5f
  languageName: node
  linkType: hard

"react-merge-refs@npm:^1.1.0":
  version: 1.1.0
  resolution: "react-merge-refs@npm:1.1.0"
  checksum: 90884352999002d868ab9f1bcfe3222fb0f2178ed629f1da7e98e5a9b02a2c96b4aa72800db92aabd69d2483211b4be57a2088e89a11a0b660e7ada744d4ddf7
  languageName: node
  linkType: hard

"react-reconciler@npm:^0.27.0":
  version: 0.27.0
  resolution: "react-reconciler@npm:0.27.0"
  dependencies:
    loose-envify: ^1.1.0
    scheduler: ^0.21.0
  peerDependencies:
    react: ^18.0.0
  checksum: c2ae111f150c2a46970182df12ea8254719fdfec5e26574711b1838fc37863c63671460a351570fd359c088d891e7bb0ff89023c2f7c1582393b57dd517b92c2
  languageName: node
  linkType: hard

"react-use-measure@npm:^2.1.1":
  version: 2.1.1
  resolution: "react-use-measure@npm:2.1.1"
  dependencies:
    debounce: ^1.2.1
  peerDependencies:
    react: ">=16.13"
    react-dom: ">=16.13"
  checksum: b8e8939229d463c3c505f7b617925c0228efae0cd6f651371f463846417b06c9170be57df51293a61027c41770f8a090fdb8a08717c4e36290ccb496e0318f1f
  languageName: node
  linkType: hard

"react@npm:^18.2.0":
  version: 18.2.0
  resolution: "react@npm:18.2.0"
  dependencies:
    loose-envify: ^1.1.0
  checksum: 88e38092da8839b830cda6feef2e8505dec8ace60579e46aa5490fc3dc9bba0bd50336507dc166f43e3afc1c42939c09fe33b25fae889d6f402721dcd78fca1b
  languageName: node
  linkType: hard

"readable-stream@npm:~2.3.6":
  version: 2.3.7
  resolution: "readable-stream@npm:2.3.7"
  dependencies:
    core-util-is: ~1.0.0
    inherits: ~2.0.3
    isarray: ~1.0.0
    process-nextick-args: ~2.0.0
    safe-buffer: ~5.1.1
    string_decoder: ~1.1.1
    util-deprecate: ~1.0.1
  checksum: e4920cf7549a60f8aaf694d483a0e61b2a878b969d224f89b3bc788b8d920075132c4b55a7494ee944c7b6a9a0eada28a7f6220d80b0312ece70bbf08eeca755
  languageName: node
  linkType: hard

"regenerator-runtime@npm:^0.13.11":
  version: 0.13.11
  resolution: "regenerator-runtime@npm:0.13.11"
  checksum: 27481628d22a1c4e3ff551096a683b424242a216fee44685467307f14d58020af1e19660bf2e26064de946bad7eff28950eae9f8209d55723e2d9351e632bbb4
  languageName: node
  linkType: hard

"regenerator-runtime@npm:^0.13.4":
  version: 0.13.7
  resolution: "regenerator-runtime@npm:0.13.7"
  checksum: 52b66e6669152c0b1bccd95c8e11aabbfe67bb97bdf00e223bdf723b0f0052d4da5c02001d4c4bef576bdc5bcdc38a20496d1b5363b65c950c8434ed5071d9e0
  languageName: node
  linkType: hard

"regexp-to-ast@npm:0.5.0":
  version: 0.5.0
  resolution: "regexp-to-ast@npm:0.5.0"
  checksum: 72e32f2a1217bb22398ac30867ddd43e16943b6b569dd4eb472de47494c7a39e34f47ee3e92ad4cbf92308f98997da366fe094a0e58eb6b93eab0ee956fff86d
  languageName: node
  linkType: hard

"require-from-string@npm:^2.0.2":
  version: 2.0.2
  resolution: "require-from-string@npm:2.0.2"
  checksum: a03ef6895445f33a4015300c426699bc66b2b044ba7b670aa238610381b56d3f07c686251740d575e22f4c87531ba662d06937508f0f3c0f1ddc04db3130560b
  languageName: node
  linkType: hard

"safe-buffer@npm:~5.1.0, safe-buffer@npm:~5.1.1":
  version: 5.1.2
  resolution: "safe-buffer@npm:5.1.2"
  checksum: f2f1f7943ca44a594893a852894055cf619c1fbcb611237fc39e461ae751187e7baf4dc391a72125e0ac4fb2d8c5c0b3c71529622e6a58f46b960211e704903c
  languageName: node
  linkType: hard

"scheduler@npm:^0.21.0":
  version: 0.21.0
  resolution: "scheduler@npm:0.21.0"
  dependencies:
    loose-envify: ^1.1.0
  checksum: 4f8285076041ed2c81acdd1faa987f1655fdbd30554bc667c1ea64743fc74fb3a04ca7d27454b3d678735df5a230137a3b84756061b43dc5796e80701b66d124
  languageName: node
  linkType: hard

"scheduler@npm:^0.23.0":
  version: 0.23.0
  resolution: "scheduler@npm:0.23.0"
  dependencies:
    loose-envify: ^1.1.0
  checksum: d79192eeaa12abef860c195ea45d37cbf2bbf5f66e3c4dcd16f54a7da53b17788a70d109ee3d3dde1a0fd50e6a8fc171f4300356c5aee4fc0171de526bf35f8a
  languageName: node
  linkType: hard

"setimmediate@npm:^1.0.5":
  version: 1.0.5
  resolution: "setimmediate@npm:1.0.5"
  checksum: c9a6f2c5b51a2dabdc0247db9c46460152ffc62ee139f3157440bd48e7c59425093f42719ac1d7931f054f153e2d26cf37dfeb8da17a794a58198a2705e527fd
  languageName: node
  linkType: hard

"stats.js@npm:^0.17.0":
  version: 0.17.0
  resolution: "stats.js@npm:0.17.0"
  checksum: 62d55d9e28e701f5638eac312ab45f66da8cc14b43d4eba4d3ab5a26f444a91d3e0dd1f52e8fc182b03cae955dae4af471d54f1975525cc1e47dfa89a54a47c6
  languageName: node
  linkType: hard

"string.prototype.codepointat@npm:^0.2.1":
  version: 0.2.1
  resolution: "string.prototype.codepointat@npm:0.2.1"
  checksum: bafa15844d7ea5bed24a01fa8954327c0c49226cefe68ab70573f1338f6a4680587db962724924f2cceb91abe408e11bd38c80095f25ee080f136a6c9d300f00
  languageName: node
  linkType: hard

"string_decoder@npm:~1.1.1":
  version: 1.1.1
  resolution: "string_decoder@npm:1.1.1"
  dependencies:
    safe-buffer: ~5.1.0
  checksum: 9ab7e56f9d60a28f2be697419917c50cac19f3e8e6c28ef26ed5f4852289fe0de5d6997d29becf59028556f2c62983790c1d9ba1e2a3cc401768ca12d5183a5b
  languageName: node
  linkType: hard

"suspend-react@npm:^0.0.8":
  version: 0.0.8
  resolution: "suspend-react@npm:0.0.8"
  peerDependencies:
    react: ">=17.0"
  checksum: 173a56c8df8f401098697b640567f80d756849bbee02928a5283f25b94e9aef74fa58c48c974a073e3a57f6f5c0d51dcf19f410bfe0a81cc70c232d759f25c93
  languageName: node
  linkType: hard

"three-mesh-bvh@npm:^0.5.19":
  version: 0.5.20
  resolution: "three-mesh-bvh@npm:0.5.20"
  peerDependencies:
    three: ">= 0.123.0"
  checksum: e6566aacf36172775da8017c9d23c76bcd0f74b8f3407e0800c8fe869a73fbd74d8fb25023a4da7e30d989e9a72b8cb8de7ba4d99ec9505c35adf762b81045fa
  languageName: node
  linkType: hard

"three-stdlib@npm:^2.20.4":
  version: 2.21.4
  resolution: "three-stdlib@npm:2.21.4"
  dependencies:
    "@babel/runtime": ^7.16.7
    "@types/offscreencanvas": ^2019.6.4
    "@webgpu/glslang": ^0.0.15
    chevrotain: ^10.1.2
    draco3d: ^1.4.1
    fflate: ^0.6.9
    ktx-parse: ^0.4.5
    mmd-parser: ^1.0.4
    opentype.js: ^1.3.3
    potpack: ^1.0.1
    zstddec: ^0.0.2
  peerDependencies:
    three: ">=0.122.0"
  checksum: 0ec8bb799a49422067e1855af020805ed540849f135f86e17099c9f3614d0269d63150bf64f96b526b5ff469592de2d74889d1aeadb5bf48ffda374ff7f330dc
  languageName: node
  linkType: hard

"three@npm:^0.148.0":
  version: 0.148.0
  resolution: "three@npm:0.148.0"
  checksum: 3f6359585c006c6f78b2fc1adeb90559d9b7cd6daf5cf916e81494ff228f4a9beffe37136bd8d5b0afbf377ac070b70624245bec2e9ee557035e2c485ce05197
  languageName: node
  linkType: hard

"timberborn-save-editor@workspace:.":
  version: 0.0.0-use.local
  resolution: "timberborn-save-editor@workspace:."
  dependencies:
    "@react-three/drei": ^9.50.2
    "@react-three/fiber": ^8.9.2
    "@types/immutable": ^3.8.7
    "@types/jszip": ^3.4.1
    "@types/react": ^18.0.26
    "@types/react-dom": ^18.0.10
    "@types/three": ^0.147.1
    esbuild: ^0.16.12
    immutable: ^4.2.1
    jszip: ^3.10.1
    lodash: ^4.17.21
    postprocessing: ^6.29.3
    react: ^18.2.0
    react-dom: ^18.2.0
    three: ^0.148.0
    typescript: ^4.9.4
  languageName: unknown
  linkType: soft

"tiny-inflate@npm:^1.0.3":
  version: 1.0.3
  resolution: "tiny-inflate@npm:1.0.3"
  checksum: 4086a1f8938dafa4a20c63b099aeb47bf8fef5aca991bf4ea4b35dd2684fa52363b2c19b3e76660311e7613cb7c4f063bc48751b9bdf9555e498d997c30bc2d6
  languageName: node
  linkType: hard

"troika-three-text@npm:^0.47.1":
  version: 0.47.1
  resolution: "troika-three-text@npm:0.47.1"
  dependencies:
    bidi-js: ^1.0.2
    troika-three-utils: ^0.47.0
    troika-worker-utils: ^0.47.0
    webgl-sdf-generator: 1.1.1
  peerDependencies:
    three: ">=0.125.0"
  checksum: 854d74e1f53898a22d34788f29efea59d253037b6dd4c518b46c60ebb42960ce026d8ced5dde8a04143e963afbe92cdd55123fb9d9c2d1e555d1f9c31cdbe21f
  languageName: node
  linkType: hard

"troika-three-utils@npm:^0.47.0":
  version: 0.47.0
  resolution: "troika-three-utils@npm:0.47.0"
  peerDependencies:
    three: ">=0.125.0"
  checksum: 2541865d957317c9ceaf386025776ad431ad58ad4bea80782a4607f712f1ad13fe727cc83ac0e6063e9dedc2a7c2dfea8ca385fcdd5b8562bf777a6f87ed75f1
  languageName: node
  linkType: hard

"troika-worker-utils@npm:^0.47.0":
  version: 0.47.0
  resolution: "troika-worker-utils@npm:0.47.0"
  checksum: 9fa14a58feba121a80576131eafdfe02c095e2695c071250b6517ea4e40c4f0600be2a9f41da34fb24f6870091f528124d6e47f948c85fdf585dc97f4245d720
  languageName: node
  linkType: hard

"typescript@npm:^4.9.4":
  version: 4.9.4
  resolution: "typescript@npm:4.9.4"
  bin:
    tsc: bin/tsc
    tsserver: bin/tsserver
  checksum: e782fb9e0031cb258a80000f6c13530288c6d63f1177ed43f770533fdc15740d271554cdae86701c1dd2c83b082cea808b07e97fd68b38a172a83dbf9e0d0ef9
  languageName: node
  linkType: hard

"typescript@patch:typescript@^4.9.4#~builtin<compat/typescript>":
  version: 4.9.4
  resolution: "typescript@patch:typescript@npm%3A4.9.4#~builtin<compat/typescript>::version=4.9.4&hash=ad5954"
  bin:
    tsc: bin/tsc
    tsserver: bin/tsserver
  checksum: 1caaea6cb7f813e64345190fddc4e6c924d0b698ab81189b503763c4a18f7f5501c69362979d36e19c042d89d936443e768a78b0675690b35eb663d19e0eae71
  languageName: node
  linkType: hard

"util-deprecate@npm:~1.0.1":
  version: 1.0.2
  resolution: "util-deprecate@npm:1.0.2"
  checksum: 474acf1146cb2701fe3b074892217553dfcf9a031280919ba1b8d651a068c9b15d863b7303cb15bd00a862b498e6cf4ad7b4a08fb134edd5a6f7641681cb54a2
  languageName: node
  linkType: hard

"utility-types@npm:^3.10.0":
  version: 3.10.0
  resolution: "utility-types@npm:3.10.0"
  checksum: 8f274415c6196ab62883b8bd98c9d2f8829b58016e4269aaa1ebd84184ac5dda7dc2ca45800c0d5e0e0650966ba063bf9a412aaeaea6850ca4440a391283d5c8
  languageName: node
  linkType: hard

"webgl-constants@npm:^1.1.1":
  version: 1.1.1
  resolution: "webgl-constants@npm:1.1.1"
  checksum: b40091528a1c30ff9b2413f97a67b98be720f76629fe105f05e955f33ed440d441dd69de4d7cf46d27ca9d74bcc6218809ae9a2a90557aa5963e78d11c1b39a5
  languageName: node
  linkType: hard

"webgl-sdf-generator@npm:1.1.1":
  version: 1.1.1
  resolution: "webgl-sdf-generator@npm:1.1.1"
  checksum: babf69e99ca22e8ff387bbe50a10519969ea8030d302d5ddf509ff15355e2981edf72edfcc1b29fed78fa73a79a2458c391b1ba7c9ada63ac5be665880ec5de0
  languageName: node
  linkType: hard

"zstddec@npm:^0.0.2":
  version: 0.0.2
  resolution: "zstddec@npm:0.0.2"
  checksum: 107334442a34590173cda03614006337712658fd043fa79f72bd486de527e2a16da474d7b20d4a171f086b334c2ad8a72afb634776d79bc2c36aee065babe31b
  languageName: node
  linkType: hard

"zustand@npm:^3.5.13, zustand@npm:^3.7.1":
  version: 3.7.2
  resolution: "zustand@npm:3.7.2"
  peerDependencies:
    react: ">=16.8"
  peerDependenciesMeta:
    react:
      optional: true
  checksum: 18f025b1b666a311121d3855303ff58e6a21fd107920ca474307e86984c13338d6c4cfa5cdf13382a9e0f76821f2554a12d4d200a98a66b58637e729f149797b
  languageName: node
  linkType: hard
